// !$*UTF8*$!
{
	archiveVersion = 1;
	classes = {
	};
	objectVersion = 46;
	objects = {

/* Begin PBXBuildFile section */
		190FAE041A51745B009AF0A7 /* helper.png in Resources */ = {isa = PBXBuildFile; fileRef = 190FADFB1A51745B009AF0A7 /* helper.png */; };
		190FAE051A51745B009AF0A7 /* helper@2x.png in Resources */ = {isa = PBXBuildFile; fileRef = 190FADFC1A51745B009AF0A7 /* helper@2x.png */; };
		190FAE061A51745B009AF0A7 /* helper@3x.png in Resources */ = {isa = PBXBuildFile; fileRef = 190FADFD1A51745B009AF0A7 /* helper@3x.png */; };
		190FAE071A51745B009AF0A7 /* history.png in Resources */ = {isa = PBXBuildFile; fileRef = 190FADFE1A51745B009AF0A7 /* history.png */; };
		190FAE081A51745B009AF0A7 /* history@2x.png in Resources */ = {isa = PBXBuildFile; fileRef = 190FADFF1A51745B009AF0A7 /* history@2x.png */; };
		190FAE091A51745B009AF0A7 /* history@3x.png in Resources */ = {isa = PBXBuildFile; fileRef = 190FAE001A51745B009AF0A7 /* history@3x.png */; };
		190FAE0A1A51745B009AF0A7 /* trackday.png in Resources */ = {isa = PBXBuildFile; fileRef = 190FAE011A51745B009AF0A7 /* trackday.png */; };
		190FAE0B1A51745B009AF0A7 /* trackday@2x.png in Resources */ = {isa = PBXBuildFile; fileRef = 190FAE021A51745B009AF0A7 /* trackday@2x.png */; };
		190FAE0C1A51745B009AF0A7 /* trackday@3x.png in Resources */ = {isa = PBXBuildFile; fileRef = 190FAE031A51745B009AF0A7 /* trackday@3x.png */; };
		190FAE181A5187DA009AF0A7 /* settingsFilled.png in Resources */ = {isa = PBXBuildFile; fileRef = 190FAE151A5187DA009AF0A7 /* settingsFilled.png */; };
		190FAE191A5187DA009AF0A7 /* settingsFilled@2x.png in Resources */ = {isa = PBXBuildFile; fileRef = 190FAE161A5187DA009AF0A7 /* settingsFilled@2x.png */; };
		190FAE1A1A5187DA009AF0A7 /* settingsFilled@3x.png in Resources */ = {isa = PBXBuildFile; fileRef = 190FAE171A5187DA009AF0A7 /* settingsFilled@3x.png */; };
		190FAE1E1A518847009AF0A7 /* settings.png in Resources */ = {isa = PBXBuildFile; fileRef = 190FAE1B1A518847009AF0A7 /* settings.png */; };
		190FAE1F1A518847009AF0A7 /* settings@2x.png in Resources */ = {isa = PBXBuildFile; fileRef = 190FAE1C1A518847009AF0A7 /* settings@2x.png */; };
		190FAE201A518847009AF0A7 /* settings@3x.png in Resources */ = {isa = PBXBuildFile; fileRef = 190FAE1D1A518847009AF0A7 /* settings@3x.png */; };
		1925EAFD1A433EA10046856B /* navbar.swift in Sources */ = {isa = PBXBuildFile; fileRef = 1925EAFC1A433EA00046856B /* navbar.swift */; };
		19F0F15A1A2E2EE100D1BB35 /* CoreLocation.framework in Frameworks */ = {isa = PBXBuildFile; fileRef = 843CC6191A2AD50500094D37 /* CoreLocation.framework */; };
		19F0F15C1A2E308C00D1BB35 /* AppDelegate.swift in Sources */ = {isa = PBXBuildFile; fileRef = 52A798381A265C4800DD0CA9 /* AppDelegate.swift */; };
		19F0F15D1A2E309000D1BB35 /* FirstViewController.swift in Sources */ = {isa = PBXBuildFile; fileRef = 52A7983A1A265C4800DD0CA9 /* FirstViewController.swift */; };
		19F0F15E1A2E309600D1BB35 /* SecondViewController.swift in Sources */ = {isa = PBXBuildFile; fileRef = 52A7983C1A265C4800DD0CA9 /* SecondViewController.swift */; };
		19F0F15F1A2E309900D1BB35 /* SettingsViewController.swift in Sources */ = {isa = PBXBuildFile; fileRef = 969E0A1B1A2CD1DD008F7CE0 /* SettingsViewController.swift */; };
		2C5F13571A2FDA730090D33B /* Stop.png in Resources */ = {isa = PBXBuildFile; fileRef = 2C5F13561A2FDA730090D33B /* Stop.png */; };
		2C5F135D1A2FE4710090D33B /* GMeterBase2.png in Resources */ = {isa = PBXBuildFile; fileRef = 2C5F135C1A2FE4710090D33B /* GMeterBase2.png */; };
		2C5F135F1A2FE4790090D33B /* GMeterBall2.png in Resources */ = {isa = PBXBuildFile; fileRef = 2C5F135E1A2FE4790090D33B /* GMeterBall2.png */; };
		2CA2B14F1A3B4E3600D5F913 /* Route.swift in Sources */ = {isa = PBXBuildFile; fileRef = 2CA2B14E1A3B4E3600D5F913 /* Route.swift */; };
		2CA2B1511A3B4E5E00D5F913 /* Accelerations.swift in Sources */ = {isa = PBXBuildFile; fileRef = 2CA2B1501A3B4E5E00D5F913 /* Accelerations.swift */; };
		2CA2B1521A3B4E7000D5F913 /* Accelerations.swift in Sources */ = {isa = PBXBuildFile; fileRef = 2CA2B1501A3B4E5E00D5F913 /* Accelerations.swift */; };
		2CA2B1531A3B4E7200D5F913 /* Route.swift in Sources */ = {isa = PBXBuildFile; fileRef = 2CA2B14E1A3B4E3600D5F913 /* Route.swift */; };
		2CA2B1551A3B4FB900D5F913 /* ArchiveRoute.swift in Sources */ = {isa = PBXBuildFile; fileRef = 2CA2B1541A3B4FB900D5F913 /* ArchiveRoute.swift */; };
		2CA2B1561A3B50FF00D5F913 /* ArchiveRoute.swift in Sources */ = {isa = PBXBuildFile; fileRef = 2CA2B1541A3B4FB900D5F913 /* ArchiveRoute.swift */; };
		2CB547AC1A3F390E00BD63E9 /* RouteViewController.swift in Sources */ = {isa = PBXBuildFile; fileRef = 2CB547AB1A3F390E00BD63E9 /* RouteViewController.swift */; };
		2CDFC02D1A30B94F00446E98 /* HistoryViewController.swift in Sources */ = {isa = PBXBuildFile; fileRef = 2CDFC02C1A30B94F00446E98 /* HistoryViewController.swift */; };
		2CF645F41A37609700FF25B3 /* CustomCell.swift in Sources */ = {isa = PBXBuildFile; fileRef = 2CF645F31A37609700FF25B3 /* CustomCell.swift */; };
		52035C681A2975AD00A8FD52 /* images.xcassets in Resources */ = {isa = PBXBuildFile; fileRef = 52035C671A2975AD00A8FD52 /* images.xcassets */; };
		5264FCB31A59A873002A80CB /* StartLapButton.png in Resources */ = {isa = PBXBuildFile; fileRef = 5264FCAD1A59A873002A80CB /* StartLapButton.png */; };
		5264FCB41A59A873002A80CB /* StartTrackdayButton.png in Resources */ = {isa = PBXBuildFile; fileRef = 5264FCAE1A59A873002A80CB /* StartTrackdayButton.png */; };
		5264FCB51A59A873002A80CB /* StartTripButton.png in Resources */ = {isa = PBXBuildFile; fileRef = 5264FCAF1A59A873002A80CB /* StartTripButton.png */; };
		5264FCB61A59A873002A80CB /* StopLapButton.png in Resources */ = {isa = PBXBuildFile; fileRef = 5264FCB01A59A873002A80CB /* StopLapButton.png */; };
		5264FCB71A59A873002A80CB /* StopTrackdayButton.png in Resources */ = {isa = PBXBuildFile; fileRef = 5264FCB11A59A873002A80CB /* StopTrackdayButton.png */; };
		5264FCB81A59A873002A80CB /* StopTripButton.png in Resources */ = {isa = PBXBuildFile; fileRef = 5264FCB21A59A873002A80CB /* StopTripButton.png */; };
		52A798391A265C4800DD0CA9 /* AppDelegate.swift in Sources */ = {isa = PBXBuildFile; fileRef = 52A798381A265C4800DD0CA9 /* AppDelegate.swift */; };
		52A7983B1A265C4800DD0CA9 /* FirstViewController.swift in Sources */ = {isa = PBXBuildFile; fileRef = 52A7983A1A265C4800DD0CA9 /* FirstViewController.swift */; };
		52A7983D1A265C4800DD0CA9 /* SecondViewController.swift in Sources */ = {isa = PBXBuildFile; fileRef = 52A7983C1A265C4800DD0CA9 /* SecondViewController.swift */; };
		52A798401A265C4800DD0CA9 /* Main.storyboard in Resources */ = {isa = PBXBuildFile; fileRef = 52A7983E1A265C4800DD0CA9 /* Main.storyboard */; };
		52A798451A265C4800DD0CA9 /* LaunchScreen.xib in Resources */ = {isa = PBXBuildFile; fileRef = 52A798431A265C4800DD0CA9 /* LaunchScreen.xib */; };
		843CC6181A2AD4FA00094D37 /* CoreMotion.framework in Frameworks */ = {isa = PBXBuildFile; fileRef = 843CC6171A2AD4FA00094D37 /* CoreMotion.framework */; };
		843CC61A1A2AD50500094D37 /* CoreLocation.framework in Frameworks */ = {isa = PBXBuildFile; fileRef = 843CC6191A2AD50500094D37 /* CoreLocation.framework */; };
		9600BA411A3F74A200BEBCE2 /* carUpdated.png in Resources */ = {isa = PBXBuildFile; fileRef = 9600BA401A3F74A200BEBCE2 /* carUpdated.png */; };
		9600BA431A3F772300BEBCE2 /* carUpdated500.png in Resources */ = {isa = PBXBuildFile; fileRef = 9600BA421A3F772300BEBCE2 /* carUpdated500.png */; };
		960967851A40A7B10077DAA2 /* rightArrowFinalWhiteBack.png in Resources */ = {isa = PBXBuildFile; fileRef = 960967841A40A7B10077DAA2 /* rightArrowFinalWhiteBack.png */; };
		960967871A40A7B50077DAA2 /* leftArrowFinalWhiteBack.png in Resources */ = {isa = PBXBuildFile; fileRef = 960967861A40A7B50077DAA2 /* leftArrowFinalWhiteBack.png */; };
		9626CAA01A3B3B02002F634C /* ecoModeTipsViewController.swift in Sources */ = {isa = PBXBuildFile; fileRef = 9626CA9F1A3B3B02002F634C /* ecoModeTipsViewController.swift */; };
		9686C35A1A30EB6E00161A08 /* timerpdf.pdf in Resources */ = {isa = PBXBuildFile; fileRef = 9686C3591A30EB6E00161A08 /* timerpdf.pdf */; };
		9695BF6A1A39F030002BD2BC /* TimerTips.swift in Sources */ = {isa = PBXBuildFile; fileRef = 9695BF691A39F030002BD2BC /* TimerTips.swift */; };
		969E0A161A2CC241008F7CE0 /* icon-ios7-gear-outline-44.png in Resources */ = {isa = PBXBuildFile; fileRef = 969E0A151A2CC241008F7CE0 /* icon-ios7-gear-outline-44.png */; };
		969E0A1C1A2CD1DD008F7CE0 /* SettingsViewController.swift in Sources */ = {isa = PBXBuildFile; fileRef = 969E0A1B1A2CD1DD008F7CE0 /* SettingsViewController.swift */; };
		96AC6AA61A2E76A40064D8F1 /* timer31.png in Resources */ = {isa = PBXBuildFile; fileRef = 96AC6AA51A2E76A40064D8F1 /* timer31.png */; };
		96AC6AA81A2E80760064D8F1 /* play3.png in Resources */ = {isa = PBXBuildFile; fileRef = 96AC6AA71A2E80760064D8F1 /* play3.png */; };
		96D856A21A30DB1000AEBD9F /* GmeterSettings.swift in Sources */ = {isa = PBXBuildFile; fileRef = 96D856A11A30DB1000AEBD9F /* GmeterSettings.swift */; };
		FB94B5911A49F634000E0233 /* RouteViewController.swift in Sources */ = {isa = PBXBuildFile; fileRef = 2CB547AB1A3F390E00BD63E9 /* RouteViewController.swift */; };
		FB94EE191A508D8700B370A0 /* facebook_icon_by_x_1337_x-d5ikwkm.png in Resources */ = {isa = PBXBuildFile; fileRef = FB94EE181A508D8700B370A0 /* facebook_icon_by_x_1337_x-d5ikwkm.png */; };
		FB94EE1B1A508D9300B370A0 /* hearthstone_logo_twitter.png in Resources */ = {isa = PBXBuildFile; fileRef = FB94EE1A1A508D9300B370A0 /* hearthstone_logo_twitter.png */; };
		FBFA4E2B1A517C1000B6964B /* ecoModeTipsViewController.swift in Sources */ = {isa = PBXBuildFile; fileRef = 9626CA9F1A3B3B02002F634C /* ecoModeTipsViewController.swift */; };
/* End PBXBuildFile section */

/* Begin PBXContainerItemProxy section */
		52A7984B1A265C4900DD0CA9 /* PBXContainerItemProxy */ = {
			isa = PBXContainerItemProxy;
			containerPortal = 52A7982B1A265C4800DD0CA9 /* Project object */;
			proxyType = 1;
			remoteGlobalIDString = 52A798321A265C4800DD0CA9;
			remoteInfo = ProjectoPSS_IAU;
		};
/* End PBXContainerItemProxy section */

/* Begin PBXCopyFilesBuildPhase section */
		19F0F15B1A2E2EE900D1BB35 /* CopyFiles */ = {
			isa = PBXCopyFilesBuildPhase;
			buildActionMask = 2147483647;
			dstPath = "";
			dstSubfolderSpec = 10;
			files = (
			);
			runOnlyForDeploymentPostprocessing = 0;
		};
/* End PBXCopyFilesBuildPhase section */

/* Begin PBXFileReference section */
		190FADFB1A51745B009AF0A7 /* helper.png */ = {isa = PBXFileReference; lastKnownFileType = image.png; path = helper.png; sourceTree = "<group>"; };
		190FADFC1A51745B009AF0A7 /* helper@2x.png */ = {isa = PBXFileReference; lastKnownFileType = image.png; path = "helper@2x.png"; sourceTree = "<group>"; };
		190FADFD1A51745B009AF0A7 /* helper@3x.png */ = {isa = PBXFileReference; lastKnownFileType = image.png; path = "helper@3x.png"; sourceTree = "<group>"; };
		190FADFE1A51745B009AF0A7 /* history.png */ = {isa = PBXFileReference; lastKnownFileType = image.png; path = history.png; sourceTree = "<group>"; };
		190FADFF1A51745B009AF0A7 /* history@2x.png */ = {isa = PBXFileReference; lastKnownFileType = image.png; path = "history@2x.png"; sourceTree = "<group>"; };
		190FAE001A51745B009AF0A7 /* history@3x.png */ = {isa = PBXFileReference; lastKnownFileType = image.png; path = "history@3x.png"; sourceTree = "<group>"; };
		190FAE011A51745B009AF0A7 /* trackday.png */ = {isa = PBXFileReference; lastKnownFileType = image.png; path = trackday.png; sourceTree = "<group>"; };
		190FAE021A51745B009AF0A7 /* trackday@2x.png */ = {isa = PBXFileReference; lastKnownFileType = image.png; path = "trackday@2x.png"; sourceTree = "<group>"; };
		190FAE031A51745B009AF0A7 /* trackday@3x.png */ = {isa = PBXFileReference; lastKnownFileType = image.png; path = "trackday@3x.png"; sourceTree = "<group>"; };
		190FAE151A5187DA009AF0A7 /* settingsFilled.png */ = {isa = PBXFileReference; lastKnownFileType = image.png; path = settingsFilled.png; sourceTree = "<group>"; };
		190FAE161A5187DA009AF0A7 /* settingsFilled@2x.png */ = {isa = PBXFileReference; lastKnownFileType = image.png; path = "settingsFilled@2x.png"; sourceTree = "<group>"; };
		190FAE171A5187DA009AF0A7 /* settingsFilled@3x.png */ = {isa = PBXFileReference; lastKnownFileType = image.png; path = "settingsFilled@3x.png"; sourceTree = "<group>"; };
		190FAE1B1A518847009AF0A7 /* settings.png */ = {isa = PBXFileReference; lastKnownFileType = image.png; path = settings.png; sourceTree = "<group>"; };
		190FAE1C1A518847009AF0A7 /* settings@2x.png */ = {isa = PBXFileReference; lastKnownFileType = image.png; path = "settings@2x.png"; sourceTree = "<group>"; };
		190FAE1D1A518847009AF0A7 /* settings@3x.png */ = {isa = PBXFileReference; lastKnownFileType = image.png; path = "settings@3x.png"; sourceTree = "<group>"; };
		1925EAFC1A433EA00046856B /* navbar.swift */ = {isa = PBXFileReference; fileEncoding = 4; lastKnownFileType = sourcecode.swift; path = navbar.swift; sourceTree = "<group>"; };
		2C5F13561A2FDA730090D33B /* Stop.png */ = {isa = PBXFileReference; lastKnownFileType = image.png; path = Stop.png; sourceTree = "<group>"; };
		2C5F135C1A2FE4710090D33B /* GMeterBase2.png */ = {isa = PBXFileReference; lastKnownFileType = image.png; path = GMeterBase2.png; sourceTree = "<group>"; };
		2C5F135E1A2FE4790090D33B /* GMeterBall2.png */ = {isa = PBXFileReference; lastKnownFileType = image.png; path = GMeterBall2.png; sourceTree = "<group>"; };
		2CA2B14E1A3B4E3600D5F913 /* Route.swift */ = {isa = PBXFileReference; fileEncoding = 4; lastKnownFileType = sourcecode.swift; path = Route.swift; sourceTree = "<group>"; };
		2CA2B1501A3B4E5E00D5F913 /* Accelerations.swift */ = {isa = PBXFileReference; fileEncoding = 4; lastKnownFileType = sourcecode.swift; path = Accelerations.swift; sourceTree = "<group>"; };
		2CA2B1541A3B4FB900D5F913 /* ArchiveRoute.swift */ = {isa = PBXFileReference; fileEncoding = 4; lastKnownFileType = sourcecode.swift; path = ArchiveRoute.swift; sourceTree = "<group>"; };
		2CB547AB1A3F390E00BD63E9 /* RouteViewController.swift */ = {isa = PBXFileReference; fileEncoding = 4; lastKnownFileType = sourcecode.swift; path = RouteViewController.swift; sourceTree = "<group>"; };
		2CDFC02C1A30B94F00446E98 /* HistoryViewController.swift */ = {isa = PBXFileReference; fileEncoding = 4; lastKnownFileType = sourcecode.swift; path = HistoryViewController.swift; sourceTree = "<group>"; };
		2CF645F31A37609700FF25B3 /* CustomCell.swift */ = {isa = PBXFileReference; fileEncoding = 4; lastKnownFileType = sourcecode.swift; path = CustomCell.swift; sourceTree = "<group>"; };
		52035C671A2975AD00A8FD52 /* images.xcassets */ = {isa = PBXFileReference; lastKnownFileType = folder.assetcatalog; path = images.xcassets; sourceTree = "<group>"; };
		5264FCAD1A59A873002A80CB /* StartLapButton.png */ = {isa = PBXFileReference; lastKnownFileType = image.png; path = StartLapButton.png; sourceTree = "<group>"; };
		5264FCAE1A59A873002A80CB /* StartTrackdayButton.png */ = {isa = PBXFileReference; lastKnownFileType = image.png; path = StartTrackdayButton.png; sourceTree = "<group>"; };
		5264FCAF1A59A873002A80CB /* StartTripButton.png */ = {isa = PBXFileReference; lastKnownFileType = image.png; path = StartTripButton.png; sourceTree = "<group>"; };
		5264FCB01A59A873002A80CB /* StopLapButton.png */ = {isa = PBXFileReference; lastKnownFileType = image.png; path = StopLapButton.png; sourceTree = "<group>"; };
		5264FCB11A59A873002A80CB /* StopTrackdayButton.png */ = {isa = PBXFileReference; lastKnownFileType = image.png; path = StopTrackdayButton.png; sourceTree = "<group>"; };
		5264FCB21A59A873002A80CB /* StopTripButton.png */ = {isa = PBXFileReference; lastKnownFileType = image.png; path = StopTripButton.png; sourceTree = "<group>"; };
		52A798331A265C4800DD0CA9 /* DrivingHelper.app */ = {isa = PBXFileReference; explicitFileType = wrapper.application; includeInIndex = 0; path = DrivingHelper.app; sourceTree = BUILT_PRODUCTS_DIR; };
		52A798371A265C4800DD0CA9 /* Info.plist */ = {isa = PBXFileReference; lastKnownFileType = text.plist.xml; path = Info.plist; sourceTree = "<group>"; };
		52A798381A265C4800DD0CA9 /* AppDelegate.swift */ = {isa = PBXFileReference; lastKnownFileType = sourcecode.swift; path = AppDelegate.swift; sourceTree = "<group>"; };
		52A7983A1A265C4800DD0CA9 /* FirstViewController.swift */ = {isa = PBXFileReference; lastKnownFileType = sourcecode.swift; path = FirstViewController.swift; sourceTree = "<group>"; };
		52A7983C1A265C4800DD0CA9 /* SecondViewController.swift */ = {isa = PBXFileReference; lastKnownFileType = sourcecode.swift; path = SecondViewController.swift; sourceTree = "<group>"; };
		52A7983F1A265C4800DD0CA9 /* Base */ = {isa = PBXFileReference; lastKnownFileType = file.storyboard; name = Base; path = Base.lproj/Main.storyboard; sourceTree = "<group>"; };
		52A798441A265C4800DD0CA9 /* Base */ = {isa = PBXFileReference; lastKnownFileType = file.xib; name = Base; path = Base.lproj/LaunchScreen.xib; sourceTree = "<group>"; };
		52A7984A1A265C4900DD0CA9 /* DrivingHelperTests.xctest */ = {isa = PBXFileReference; explicitFileType = wrapper.cfbundle; includeInIndex = 0; path = DrivingHelperTests.xctest; sourceTree = BUILT_PRODUCTS_DIR; };
		52A7984F1A265C4900DD0CA9 /* Info.plist */ = {isa = PBXFileReference; lastKnownFileType = text.plist.xml; path = Info.plist; sourceTree = "<group>"; };
		52A798501A265C4900DD0CA9 /* ProjectoPSS_IAUTests.swift */ = {isa = PBXFileReference; lastKnownFileType = sourcecode.swift; path = ProjectoPSS_IAUTests.swift; sourceTree = "<group>"; };
		843CC6171A2AD4FA00094D37 /* CoreMotion.framework */ = {isa = PBXFileReference; lastKnownFileType = wrapper.framework; name = CoreMotion.framework; path = System/Library/Frameworks/CoreMotion.framework; sourceTree = SDKROOT; };
		843CC6191A2AD50500094D37 /* CoreLocation.framework */ = {isa = PBXFileReference; lastKnownFileType = wrapper.framework; name = CoreLocation.framework; path = System/Library/Frameworks/CoreLocation.framework; sourceTree = SDKROOT; };
		9600BA401A3F74A200BEBCE2 /* carUpdated.png */ = {isa = PBXFileReference; lastKnownFileType = image.png; path = carUpdated.png; sourceTree = "<group>"; };
		9600BA421A3F772300BEBCE2 /* carUpdated500.png */ = {isa = PBXFileReference; lastKnownFileType = image.png; path = carUpdated500.png; sourceTree = "<group>"; };
		960967841A40A7B10077DAA2 /* rightArrowFinalWhiteBack.png */ = {isa = PBXFileReference; lastKnownFileType = image.png; path = rightArrowFinalWhiteBack.png; sourceTree = "<group>"; };
		960967861A40A7B50077DAA2 /* leftArrowFinalWhiteBack.png */ = {isa = PBXFileReference; lastKnownFileType = image.png; path = leftArrowFinalWhiteBack.png; sourceTree = "<group>"; };
		9626CA9F1A3B3B02002F634C /* ecoModeTipsViewController.swift */ = {isa = PBXFileReference; fileEncoding = 4; lastKnownFileType = sourcecode.swift; path = ecoModeTipsViewController.swift; sourceTree = "<group>"; };
		9686C3591A30EB6E00161A08 /* timerpdf.pdf */ = {isa = PBXFileReference; lastKnownFileType = image.pdf; path = timerpdf.pdf; sourceTree = "<group>"; };
		9695BF691A39F030002BD2BC /* TimerTips.swift */ = {isa = PBXFileReference; fileEncoding = 4; lastKnownFileType = sourcecode.swift; path = TimerTips.swift; sourceTree = "<group>"; };
		969E0A151A2CC241008F7CE0 /* icon-ios7-gear-outline-44.png */ = {isa = PBXFileReference; lastKnownFileType = image.png; path = "icon-ios7-gear-outline-44.png"; sourceTree = "<group>"; };
		969E0A1B1A2CD1DD008F7CE0 /* SettingsViewController.swift */ = {isa = PBXFileReference; fileEncoding = 4; lastKnownFileType = sourcecode.swift; path = SettingsViewController.swift; sourceTree = "<group>"; };
		96AC6AA51A2E76A40064D8F1 /* timer31.png */ = {isa = PBXFileReference; lastKnownFileType = image.png; path = timer31.png; sourceTree = "<group>"; };
		96AC6AA71A2E80760064D8F1 /* play3.png */ = {isa = PBXFileReference; lastKnownFileType = image.png; path = play3.png; sourceTree = "<group>"; };
		96D856A11A30DB1000AEBD9F /* GmeterSettings.swift */ = {isa = PBXFileReference; fileEncoding = 4; lastKnownFileType = sourcecode.swift; path = GmeterSettings.swift; sourceTree = "<group>"; };
		FB94EE181A508D8700B370A0 /* facebook_icon_by_x_1337_x-d5ikwkm.png */ = {isa = PBXFileReference; lastKnownFileType = image.png; path = "facebook_icon_by_x_1337_x-d5ikwkm.png"; sourceTree = "<group>"; };
		FB94EE1A1A508D9300B370A0 /* hearthstone_logo_twitter.png */ = {isa = PBXFileReference; lastKnownFileType = image.png; path = hearthstone_logo_twitter.png; sourceTree = "<group>"; };
/* End PBXFileReference section */

/* Begin PBXFrameworksBuildPhase section */
		52A798301A265C4800DD0CA9 /* Frameworks */ = {
			isa = PBXFrameworksBuildPhase;
			buildActionMask = 2147483647;
			files = (
				843CC61A1A2AD50500094D37 /* CoreLocation.framework in Frameworks */,
				843CC6181A2AD4FA00094D37 /* CoreMotion.framework in Frameworks */,
			);
			runOnlyForDeploymentPostprocessing = 0;
		};
		52A798471A265C4900DD0CA9 /* Frameworks */ = {
			isa = PBXFrameworksBuildPhase;
			buildActionMask = 2147483647;
			files = (
				19F0F15A1A2E2EE100D1BB35 /* CoreLocation.framework in Frameworks */,
			);
			runOnlyForDeploymentPostprocessing = 0;
		};
/* End PBXFrameworksBuildPhase section */

/* Begin PBXGroup section */
		190FADFA1A517195009AF0A7 /* Icons */ = {
			isa = PBXGroup;
			children = (
				190FAE1B1A518847009AF0A7 /* settings.png */,
				190FAE1C1A518847009AF0A7 /* settings@2x.png */,
				190FAE1D1A518847009AF0A7 /* settings@3x.png */,
				190FAE151A5187DA009AF0A7 /* settingsFilled.png */,
				190FAE161A5187DA009AF0A7 /* settingsFilled@2x.png */,
				190FAE171A5187DA009AF0A7 /* settingsFilled@3x.png */,
				190FADFB1A51745B009AF0A7 /* helper.png */,
				190FADFC1A51745B009AF0A7 /* helper@2x.png */,
				190FADFD1A51745B009AF0A7 /* helper@3x.png */,
				190FADFE1A51745B009AF0A7 /* history.png */,
				190FADFF1A51745B009AF0A7 /* history@2x.png */,
				190FAE001A51745B009AF0A7 /* history@3x.png */,
				190FAE011A51745B009AF0A7 /* trackday.png */,
				190FAE021A51745B009AF0A7 /* trackday@2x.png */,
				190FAE031A51745B009AF0A7 /* trackday@3x.png */,
			);
			name = Icons;
			sourceTree = "<group>";
		};
		2CA2B14D1A3B4E2900D5F913 /* Model */ = {
			isa = PBXGroup;
			children = (
				2CA2B14E1A3B4E3600D5F913 /* Route.swift */,
				2CA2B1501A3B4E5E00D5F913 /* Accelerations.swift */,
			);
			name = Model;
			sourceTree = "<group>";
		};
		5264FCA01A59A7F4002A80CB /* Images */ = {
			isa = PBXGroup;
			children = (
				5264FCAD1A59A873002A80CB /* StartLapButton.png */,
				5264FCAE1A59A873002A80CB /* StartTrackdayButton.png */,
				5264FCAF1A59A873002A80CB /* StartTripButton.png */,
				5264FCB01A59A873002A80CB /* StopLapButton.png */,
				5264FCB11A59A873002A80CB /* StopTrackdayButton.png */,
				5264FCB21A59A873002A80CB /* StopTripButton.png */,
			);
			name = Images;
			sourceTree = "<group>";
		};
		52A7982A1A265C4800DD0CA9 = {
			isa = PBXGroup;
			children = (
				960967861A40A7B50077DAA2 /* leftArrowFinalWhiteBack.png */,
				FB94EE181A508D8700B370A0 /* facebook_icon_by_x_1337_x-d5ikwkm.png */,
				960967841A40A7B10077DAA2 /* rightArrowFinalWhiteBack.png */,
				FB94EE1A1A508D9300B370A0 /* hearthstone_logo_twitter.png */,
				9600BA421A3F772300BEBCE2 /* carUpdated500.png */,
				9600BA401A3F74A200BEBCE2 /* carUpdated.png */,
				9686C3591A30EB6E00161A08 /* timerpdf.pdf */,
				96AC6AA71A2E80760064D8F1 /* play3.png */,
				2C5F13561A2FDA730090D33B /* Stop.png */,
				2C5F135E1A2FE4790090D33B /* GMeterBall2.png */,
				2C5F135C1A2FE4710090D33B /* GMeterBase2.png */,
				96AC6AA51A2E76A40064D8F1 /* timer31.png */,
				969E0A151A2CC241008F7CE0 /* icon-ios7-gear-outline-44.png */,
				843CC6191A2AD50500094D37 /* CoreLocation.framework */,
				843CC6171A2AD4FA00094D37 /* CoreMotion.framework */,
				52A798351A265C4800DD0CA9 /* DrivingHelper */,
				52A7984D1A265C4900DD0CA9 /* DrivingHelperTests */,
				52A798341A265C4800DD0CA9 /* Products */,
			);
			sourceTree = "<group>";
		};
		52A798341A265C4800DD0CA9 /* Products */ = {
			isa = PBXGroup;
			children = (
				52A798331A265C4800DD0CA9 /* DrivingHelper.app */,
				52A7984A1A265C4900DD0CA9 /* DrivingHelperTests.xctest */,
			);
			name = Products;
			sourceTree = "<group>";
		};
		52A798351A265C4800DD0CA9 /* DrivingHelper */ = {
			isa = PBXGroup;
			children = (
				5264FCA01A59A7F4002A80CB /* Images */,
				2CA2B14D1A3B4E2900D5F913 /* Model */,
				52A798381A265C4800DD0CA9 /* AppDelegate.swift */,
				52A7983A1A265C4800DD0CA9 /* FirstViewController.swift */,
				52A7983C1A265C4800DD0CA9 /* SecondViewController.swift */,
				969E0A1B1A2CD1DD008F7CE0 /* SettingsViewController.swift */,
				2CDFC02C1A30B94F00446E98 /* HistoryViewController.swift */,
				2CB547AB1A3F390E00BD63E9 /* RouteViewController.swift */,
				96D856A11A30DB1000AEBD9F /* GmeterSettings.swift */,
				9695BF691A39F030002BD2BC /* TimerTips.swift */,
				9626CA9F1A3B3B02002F634C /* ecoModeTipsViewController.swift */,
				52035C671A2975AD00A8FD52 /* images.xcassets */,
				52A7983E1A265C4800DD0CA9 /* Main.storyboard */,
				1925EAFC1A433EA00046856B /* navbar.swift */,
				52A798431A265C4800DD0CA9 /* LaunchScreen.xib */,
				52A798361A265C4800DD0CA9 /* Supporting Files */,
				2CF645F31A37609700FF25B3 /* CustomCell.swift */,
				2CA2B1541A3B4FB900D5F913 /* ArchiveRoute.swift */,
				190FADFA1A517195009AF0A7 /* Icons */,
			);
			path = DrivingHelper;
			sourceTree = "<group>";
		};
		52A798361A265C4800DD0CA9 /* Supporting Files */ = {
			isa = PBXGroup;
			children = (
				52A798371A265C4800DD0CA9 /* Info.plist */,
			);
			name = "Supporting Files";
			sourceTree = "<group>";
		};
		52A7984D1A265C4900DD0CA9 /* DrivingHelperTests */ = {
			isa = PBXGroup;
			children = (
				52A798501A265C4900DD0CA9 /* ProjectoPSS_IAUTests.swift */,
				52A7984E1A265C4900DD0CA9 /* Supporting Files */,
			);
			path = DrivingHelperTests;
			sourceTree = "<group>";
		};
		52A7984E1A265C4900DD0CA9 /* Supporting Files */ = {
			isa = PBXGroup;
			children = (
				52A7984F1A265C4900DD0CA9 /* Info.plist */,
			);
			name = "Supporting Files";
			sourceTree = "<group>";
		};
/* End PBXGroup section */

/* Begin PBXNativeTarget section */
		52A798321A265C4800DD0CA9 /* DrivingHelper */ = {
			isa = PBXNativeTarget;
			buildConfigurationList = 52A798541A265C4900DD0CA9 /* Build configuration list for PBXNativeTarget "DrivingHelper" */;
			buildPhases = (
				52A7982F1A265C4800DD0CA9 /* Sources */,
				52A798301A265C4800DD0CA9 /* Frameworks */,
				52A798311A265C4800DD0CA9 /* Resources */,
			);
			buildRules = (
			);
			dependencies = (
			);
			name = DrivingHelper;
			productName = ProjectoPSS_IAU;
			productReference = 52A798331A265C4800DD0CA9 /* DrivingHelper.app */;
			productType = "com.apple.product-type.application";
		};
		52A798491A265C4900DD0CA9 /* DrivingHelperTests */ = {
			isa = PBXNativeTarget;
			buildConfigurationList = 52A798571A265C4900DD0CA9 /* Build configuration list for PBXNativeTarget "DrivingHelperTests" */;
			buildPhases = (
				52A798461A265C4900DD0CA9 /* Sources */,
				52A798471A265C4900DD0CA9 /* Frameworks */,
				52A798481A265C4900DD0CA9 /* Resources */,
				19F0F15B1A2E2EE900D1BB35 /* CopyFiles */,
			);
			buildRules = (
			);
			dependencies = (
				52A7984C1A265C4900DD0CA9 /* PBXTargetDependency */,
			);
			name = DrivingHelperTests;
			productName = ProjectoPSS_IAUTests;
			productReference = 52A7984A1A265C4900DD0CA9 /* DrivingHelperTests.xctest */;
			productType = "com.apple.product-type.bundle.unit-test";
		};
/* End PBXNativeTarget section */

/* Begin PBXProject section */
		52A7982B1A265C4800DD0CA9 /* Project object */ = {
			isa = PBXProject;
			attributes = {
				LastUpgradeCheck = 0610;
				ORGANIZATIONNAME = "Claudio Silva, Tiago Pedro, Josip Bagaric";
				TargetAttributes = {
					52A798321A265C4800DD0CA9 = {
						CreatedOnToolsVersion = 6.1;
						DevelopmentTeam = 7F5EN92372;
					};
					52A798491A265C4900DD0CA9 = {
						CreatedOnToolsVersion = 6.1;
						TestTargetID = 52A798321A265C4800DD0CA9;
					};
				};
			};
			buildConfigurationList = 52A7982E1A265C4800DD0CA9 /* Build configuration list for PBXProject "DrivingHelper" */;
			compatibilityVersion = "Xcode 3.2";
			developmentRegion = English;
			hasScannedForEncodings = 0;
			knownRegions = (
				en,
				Base,
			);
			mainGroup = 52A7982A1A265C4800DD0CA9;
			productRefGroup = 52A798341A265C4800DD0CA9 /* Products */;
			projectDirPath = "";
			projectRoot = "";
			targets = (
				52A798321A265C4800DD0CA9 /* DrivingHelper */,
				52A798491A265C4900DD0CA9 /* DrivingHelperTests */,
			);
		};
/* End PBXProject section */

/* Begin PBXResourcesBuildPhase section */
		52A798311A265C4800DD0CA9 /* Resources */ = {
			isa = PBXResourcesBuildPhase;
			buildActionMask = 2147483647;
			files = (
				9686C35A1A30EB6E00161A08 /* timerpdf.pdf in Resources */,
				190FAE061A51745B009AF0A7 /* helper@3x.png in Resources */,
				190FAE041A51745B009AF0A7 /* helper.png in Resources */,
				190FAE0A1A51745B009AF0A7 /* trackday.png in Resources */,
				190FAE081A51745B009AF0A7 /* history@2x.png in Resources */,
				190FAE051A51745B009AF0A7 /* helper@2x.png in Resources */,
				5264FCB61A59A873002A80CB /* StopLapButton.png in Resources */,
				969E0A161A2CC241008F7CE0 /* icon-ios7-gear-outline-44.png in Resources */,
				5264FCB41A59A873002A80CB /* StartTrackdayButton.png in Resources */,
				190FAE0B1A51745B009AF0A7 /* trackday@2x.png in Resources */,
				960967871A40A7B50077DAA2 /* leftArrowFinalWhiteBack.png in Resources */,
				190FAE191A5187DA009AF0A7 /* settingsFilled@2x.png in Resources */,
				5264FCB81A59A873002A80CB /* StopTripButton.png in Resources */,
				9600BA431A3F772300BEBCE2 /* carUpdated500.png in Resources */,
				52035C681A2975AD00A8FD52 /* images.xcassets in Resources */,
				5264FCB31A59A873002A80CB /* StartLapButton.png in Resources */,
				190FAE1E1A518847009AF0A7 /* settings.png in Resources */,
				190FAE1A1A5187DA009AF0A7 /* settingsFilled@3x.png in Resources */,
				2C5F135D1A2FE4710090D33B /* GMeterBase2.png in Resources */,
				FB94EE1B1A508D9300B370A0 /* hearthstone_logo_twitter.png in Resources */,
				FB94EE191A508D8700B370A0 /* facebook_icon_by_x_1337_x-d5ikwkm.png in Resources */,
				190FAE091A51745B009AF0A7 /* history@3x.png in Resources */,
				96AC6AA61A2E76A40064D8F1 /* timer31.png in Resources */,
				190FAE201A518847009AF0A7 /* settings@3x.png in Resources */,
				190FAE071A51745B009AF0A7 /* history.png in Resources */,
				190FAE0C1A51745B009AF0A7 /* trackday@3x.png in Resources */,
				96AC6AA81A2E80760064D8F1 /* play3.png in Resources */,
				5264FCB71A59A873002A80CB /* StopTrackdayButton.png in Resources */,
				5264FCB51A59A873002A80CB /* StartTripButton.png in Resources */,
				2C5F135F1A2FE4790090D33B /* GMeterBall2.png in Resources */,
				52A798401A265C4800DD0CA9 /* Main.storyboard in Resources */,
				960967851A40A7B10077DAA2 /* rightArrowFinalWhiteBack.png in Resources */,
				190FAE1F1A518847009AF0A7 /* settings@2x.png in Resources */,
				190FAE181A5187DA009AF0A7 /* settingsFilled.png in Resources */,
				2C5F13571A2FDA730090D33B /* Stop.png in Resources */,
				9600BA411A3F74A200BEBCE2 /* carUpdated.png in Resources */,
				52A798451A265C4800DD0CA9 /* LaunchScreen.xib in Resources */,
			);
			runOnlyForDeploymentPostprocessing = 0;
		};
		52A798481A265C4900DD0CA9 /* Resources */ = {
			isa = PBXResourcesBuildPhase;
			buildActionMask = 2147483647;
			files = (
			);
			runOnlyForDeploymentPostprocessing = 0;
		};
/* End PBXResourcesBuildPhase section */

/* Begin PBXSourcesBuildPhase section */
		52A7982F1A265C4800DD0CA9 /* Sources */ = {
			isa = PBXSourcesBuildPhase;
			buildActionMask = 2147483647;
			files = (
				2CA2B1511A3B4E5E00D5F913 /* Accelerations.swift in Sources */,
				52A7983D1A265C4800DD0CA9 /* SecondViewController.swift in Sources */,
				52A798391A265C4800DD0CA9 /* AppDelegate.swift in Sources */,
				96D856A21A30DB1000AEBD9F /* GmeterSettings.swift in Sources */,
				2CA2B14F1A3B4E3600D5F913 /* Route.swift in Sources */,
				9695BF6A1A39F030002BD2BC /* TimerTips.swift in Sources */,
				52A7983B1A265C4800DD0CA9 /* FirstViewController.swift in Sources */,
				2CDFC02D1A30B94F00446E98 /* HistoryViewController.swift in Sources */,
				2CF645F41A37609700FF25B3 /* CustomCell.swift in Sources */,
				969E0A1C1A2CD1DD008F7CE0 /* SettingsViewController.swift in Sources */,
				2CA2B1551A3B4FB900D5F913 /* ArchiveRoute.swift in Sources */,
				9626CAA01A3B3B02002F634C /* ecoModeTipsViewController.swift in Sources */,
				2CB547AC1A3F390E00BD63E9 /* RouteViewController.swift in Sources */,
				1925EAFD1A433EA10046856B /* navbar.swift in Sources */,
			);
			runOnlyForDeploymentPostprocessing = 0;
		};
		52A798461A265C4900DD0CA9 /* Sources */ = {
			isa = PBXSourcesBuildPhase;
			buildActionMask = 2147483647;
			files = (
				2CA2B1521A3B4E7000D5F913 /* Accelerations.swift in Sources */,
				2CA2B1561A3B50FF00D5F913 /* ArchiveRoute.swift in Sources */,
				FB94B5911A49F634000E0233 /* RouteViewController.swift in Sources */,
				19F0F15F1A2E309900D1BB35 /* SettingsViewController.swift in Sources */,
				19F0F15E1A2E309600D1BB35 /* SecondViewController.swift in Sources */,
				2CA2B1531A3B4E7200D5F913 /* Route.swift in Sources */,
				19F0F15D1A2E309000D1BB35 /* FirstViewController.swift in Sources */,
				19F0F15C1A2E308C00D1BB35 /* AppDelegate.swift in Sources */,
				FBFA4E2B1A517C1000B6964B /* ecoModeTipsViewController.swift in Sources */,
			);
			runOnlyForDeploymentPostprocessing = 0;
		};
/* End PBXSourcesBuildPhase section */

/* Begin PBXTargetDependency section */
		52A7984C1A265C4900DD0CA9 /* PBXTargetDependency */ = {
			isa = PBXTargetDependency;
			target = 52A798321A265C4800DD0CA9 /* DrivingHelper */;
			targetProxy = 52A7984B1A265C4900DD0CA9 /* PBXContainerItemProxy */;
		};
/* End PBXTargetDependency section */

/* Begin PBXVariantGroup section */
		52A7983E1A265C4800DD0CA9 /* Main.storyboard */ = {
			isa = PBXVariantGroup;
			children = (
				52A7983F1A265C4800DD0CA9 /* Base */,
			);
			name = Main.storyboard;
			sourceTree = "<group>";
		};
		52A798431A265C4800DD0CA9 /* LaunchScreen.xib */ = {
			isa = PBXVariantGroup;
			children = (
				52A798441A265C4800DD0CA9 /* Base */,
			);
			name = LaunchScreen.xib;
			sourceTree = "<group>";
		};
/* End PBXVariantGroup section */

/* Begin XCBuildConfiguration section */
		52A798521A265C4900DD0CA9 /* Debug */ = {
			isa = XCBuildConfiguration;
			buildSettings = {
				ALWAYS_SEARCH_USER_PATHS = NO;
				CLANG_CXX_LANGUAGE_STANDARD = "gnu++0x";
				CLANG_CXX_LIBRARY = "libc++";
				CLANG_ENABLE_MODULES = YES;
				CLANG_ENABLE_OBJC_ARC = YES;
				CLANG_WARN_BOOL_CONVERSION = YES;
				CLANG_WARN_CONSTANT_CONVERSION = YES;
				CLANG_WARN_DIRECT_OBJC_ISA_USAGE = YES_ERROR;
				CLANG_WARN_EMPTY_BODY = YES;
				CLANG_WARN_ENUM_CONVERSION = YES;
				CLANG_WARN_INT_CONVERSION = YES;
				CLANG_WARN_OBJC_ROOT_CLASS = YES_ERROR;
				CLANG_WARN_UNREACHABLE_CODE = YES;
				CLANG_WARN__DUPLICATE_METHOD_MATCH = YES;
				"CODE_SIGN_IDENTITY[sdk=iphoneos*]" = "iPhone Developer";
				COPY_PHASE_STRIP = NO;
				ENABLE_STRICT_OBJC_MSGSEND = YES;
				GCC_C_LANGUAGE_STANDARD = gnu99;
				GCC_DYNAMIC_NO_PIC = NO;
				GCC_OPTIMIZATION_LEVEL = 0;
				GCC_PREPROCESSOR_DEFINITIONS = (
					"DEBUG=1",
					"$(inherited)",
				);
				GCC_SYMBOLS_PRIVATE_EXTERN = NO;
				GCC_WARN_64_TO_32_BIT_CONVERSION = YES;
				GCC_WARN_ABOUT_RETURN_TYPE = YES_ERROR;
				GCC_WARN_UNDECLARED_SELECTOR = YES;
				GCC_WARN_UNINITIALIZED_AUTOS = YES_AGGRESSIVE;
				GCC_WARN_UNUSED_FUNCTION = YES;
				GCC_WARN_UNUSED_VARIABLE = YES;
				IPHONEOS_DEPLOYMENT_TARGET = 8.1;
				MTL_ENABLE_DEBUG_INFO = YES;
				ONLY_ACTIVE_ARCH = YES;
				SDKROOT = iphoneos;
				SWIFT_OPTIMIZATION_LEVEL = "-Onone";
				TARGETED_DEVICE_FAMILY = "1,2";
			};
			name = Debug;
		};
		52A798531A265C4900DD0CA9 /* Release */ = {
			isa = XCBuildConfiguration;
			buildSettings = {
				ALWAYS_SEARCH_USER_PATHS = NO;
				CLANG_CXX_LANGUAGE_STANDARD = "gnu++0x";
				CLANG_CXX_LIBRARY = "libc++";
				CLANG_ENABLE_MODULES = YES;
				CLANG_ENABLE_OBJC_ARC = YES;
				CLANG_WARN_BOOL_CONVERSION = YES;
				CLANG_WARN_CONSTANT_CONVERSION = YES;
				CLANG_WARN_DIRECT_OBJC_ISA_USAGE = YES_ERROR;
				CLANG_WARN_EMPTY_BODY = YES;
				CLANG_WARN_ENUM_CONVERSION = YES;
				CLANG_WARN_INT_CONVERSION = YES;
				CLANG_WARN_OBJC_ROOT_CLASS = YES_ERROR;
				CLANG_WARN_UNREACHABLE_CODE = YES;
				CLANG_WARN__DUPLICATE_METHOD_MATCH = YES;
				"CODE_SIGN_IDENTITY[sdk=iphoneos*]" = "iPhone Developer";
				COPY_PHASE_STRIP = YES;
				ENABLE_NS_ASSERTIONS = NO;
				ENABLE_STRICT_OBJC_MSGSEND = YES;
				GCC_C_LANGUAGE_STANDARD = gnu99;
				GCC_WARN_64_TO_32_BIT_CONVERSION = YES;
				GCC_WARN_ABOUT_RETURN_TYPE = YES_ERROR;
				GCC_WARN_UNDECLARED_SELECTOR = YES;
				GCC_WARN_UNINITIALIZED_AUTOS = YES_AGGRESSIVE;
				GCC_WARN_UNUSED_FUNCTION = YES;
				GCC_WARN_UNUSED_VARIABLE = YES;
				IPHONEOS_DEPLOYMENT_TARGET = 8.1;
				MTL_ENABLE_DEBUG_INFO = NO;
				SDKROOT = iphoneos;
				TARGETED_DEVICE_FAMILY = "1,2";
				VALIDATE_PRODUCT = YES;
			};
			name = Release;
		};
		52A798551A265C4900DD0CA9 /* Debug */ = {
			isa = XCBuildConfiguration;
			buildSettings = {
				ASSETCATALOG_COMPILER_APPICON_NAME = AppIcon;
				CODE_SIGN_IDENTITY = "iPhone Developer";
				"CODE_SIGN_IDENTITY[sdk=iphoneos*]" = "iPhone Developer";
				INFOPLIST_FILE = "$(SRCROOT)/DrivingHelper/Info.plist";
				IPHONEOS_DEPLOYMENT_TARGET = 8.1;
				LD_RUNPATH_SEARCH_PATHS = "$(inherited) @executable_path/Frameworks";
				PRODUCT_NAME = DrivingHelper;
				PROVISIONING_PROFILE = "";
				TARGETED_DEVICE_FAMILY = 1;
			};
			name = Debug;
		};
		52A798561A265C4900DD0CA9 /* Release */ = {
			isa = XCBuildConfiguration;
			buildSettings = {
				ASSETCATALOG_COMPILER_APPICON_NAME = AppIcon;
				CODE_SIGN_IDENTITY = "iPhone Developer";
				"CODE_SIGN_IDENTITY[sdk=iphoneos*]" = "iPhone Developer";
				INFOPLIST_FILE = "$(SRCROOT)/DrivingHelper/Info.plist";
				IPHONEOS_DEPLOYMENT_TARGET = 8.1;
				LD_RUNPATH_SEARCH_PATHS = "$(inherited) @executable_path/Frameworks";
				PRODUCT_NAME = DrivingHelper;
				PROVISIONING_PROFILE = "";
				TARGETED_DEVICE_FAMILY = 1;
			};
			name = Release;
		};
		52A798581A265C4900DD0CA9 /* Debug */ = {
			isa = XCBuildConfiguration;
			buildSettings = {
				BUNDLE_LOADER = "$(TEST_HOST)";
				FRAMEWORK_SEARCH_PATHS = (
					"$(SDKROOT)/Developer/Library/Frameworks",
					"$(inherited)",
				);
				GCC_PREPROCESSOR_DEFINITIONS = (
					"DEBUG=1",
					"$(inherited)",
				);
				INFOPLIST_FILE = DrivingHelperTests/Info.plist;
				LD_RUNPATH_SEARCH_PATHS = "$(inherited) @executable_path/Frameworks @loader_path/Frameworks";
				PRODUCT_NAME = DrivingHelperTests;
				TEST_HOST = "$(BUILT_PRODUCTS_DIR)/DrivingHelper.app/DrivingHelper";
			};
			name = Debug;
		};
		52A798591A265C4900DD0CA9 /* Release */ = {
			isa = XCBuildConfiguration;
			buildSettings = {
				BUNDLE_LOADER = "$(TEST_HOST)";
				FRAMEWORK_SEARCH_PATHS = (
					"$(SDKROOT)/Developer/Library/Frameworks",
					"$(inherited)",
				);
				INFOPLIST_FILE = DrivingHelperTests/Info.plist;
				LD_RUNPATH_SEARCH_PATHS = "$(inherited) @executable_path/Frameworks @loader_path/Frameworks";
				PRODUCT_NAME = DrivingHelperTests;
				TEST_HOST = "$(BUILT_PRODUCTS_DIR)/DrivingHelper.app/DrivingHelper";
			};
			name = Release;
		};
/* End XCBuildConfiguration section */

/* Begin XCConfigurationList section */
		52A7982E1A265C4800DD0CA9 /* Build configuration list for PBXProject "DrivingHelper" */ = {
			isa = XCConfigurationList;
			buildConfigurations = (
				52A798521A265C4900DD0CA9 /* Debug */,
				52A798531A265C4900DD0CA9 /* Release */,
			);
			defaultConfigurationIsVisible = 0;
			defaultConfigurationName = Release;
		};
		52A798541A265C4900DD0CA9 /* Build configuration list for PBXNativeTarget "DrivingHelper" */ = {
			isa = XCConfigurationList;
			buildConfigurations = (
				52A798551A265C4900DD0CA9 /* Debug */,
				52A798561A265C4900DD0CA9 /* Release */,
			);
			defaultConfigurationIsVisible = 0;
			defaultConfigurationName = Release;
		};
		52A798571A265C4900DD0CA9 /* Build configuration list for PBXNativeTarget "DrivingHelperTests" */ = {
			isa = XCConfigurationList;
			buildConfigurations = (
				52A798581A265C4900DD0CA9 /* Debug */,
				52A798591A265C4900DD0CA9 /* Release */,
			);
			defaultConfigurationIsVisible = 0;
			defaultConfigurationName = Release;
		};
/* End XCConfigurationList section */
	};
	rootObject = 52A7982B1A265C4800DD0CA9 /* Project object */;
}
